
Microsoft Visual Studio Solution File, Format Version 12.00
# Visual Studio 14
VisualStudioVersion = 14.0.25420.1
MinimumVisualStudioVersion = 10.0.40219.1
Project("{FAE04EC0-301F-11D3-BF4B-00C04F79EFBC}") = "Pqsql", "Pqsql.csproj", "{B74C0366-2647-452D-9EB8-D4E8916B9775}"
	ProjectSection(ProjectDependencies) = postProject
		{49C56B70-6C43-4038-B493-6146E4C98078} = {49C56B70-6C43-4038-B493-6146E4C98078}
	EndProjectSection
EndProject
Project("{FAE04EC0-301F-11D3-BF4B-00C04F79EFBC}") = "PqsqlTests", "PqsqlTests\PqsqlTests.csproj", "{ECC585A1-94F7-4E92-BE1C-20CC48079083}"
EndProject
Project("{8BC9CEB8-8B4A-11D0-8D11-00A0C91BC942}") = "libpqbinfmt", "libpqbinfmt\libpqbinfmt.vcxproj", "{49C56B70-6C43-4038-B493-6146E4C98078}"
EndProject
Global
	GlobalSection(SolutionConfigurationPlatforms) = preSolution
		Debug|Any CPU = Debug|Any CPU
		Debug|x64 = Debug|x64
		Debug|x86 = Debug|x86
		Release|Any CPU = Release|Any CPU
		Release|x64 = Release|x64
		Release|x86 = Release|x86
	EndGlobalSection
	GlobalSection(ProjectConfigurationPlatforms) = postSolution
		{B74C0366-2647-452D-9EB8-D4E8916B9775}.Debug|Any CPU.ActiveCfg = Debug|x64
		{B74C0366-2647-452D-9EB8-D4E8916B9775}.Debug|Any CPU.Build.0 = Debug|x64
		{B74C0366-2647-452D-9EB8-D4E8916B9775}.Debug|x64.ActiveCfg = Debug|x64
		{B74C0366-2647-452D-9EB8-D4E8916B9775}.Debug|x64.Build.0 = Debug|x64
		{B74C0366-2647-452D-9EB8-D4E8916B9775}.Debug|x86.ActiveCfg = Debug|Any CPU
		{B74C0366-2647-452D-9EB8-D4E8916B9775}.Debug|x86.Build.0 = Debug|Any CPU
		{B74C0366-2647-452D-9EB8-D4E8916B9775}.Release|Any CPU.ActiveCfg = Release|Any CPU
		{B74C0366-2647-452D-9EB8-D4E8916B9775}.Release|Any CPU.Build.0 = Release|Any CPU
		{B74C0366-2647-452D-9EB8-D4E8916B9775}.Release|x64.ActiveCfg = Release|x64
		{B74C0366-2647-452D-9EB8-D4E8916B9775}.Release|x64.Build.0 = Release|x64
		{B74C0366-2647-452D-9EB8-D4E8916B9775}.Release|x86.ActiveCfg = Release|Any CPU
		{B74C0366-2647-452D-9EB8-D4E8916B9775}.Release|x86.Build.0 = Release|Any CPU
		{ECC585A1-94F7-4E92-BE1C-20CC48079083}.Debug|Any CPU.ActiveCfg = Debug|Any CPU
		{ECC585A1-94F7-4E92-BE1C-20CC48079083}.Debug|Any CPU.Build.0 = Debug|Any CPU
		{ECC585A1-94F7-4E92-BE1C-20CC48079083}.Debug|x64.ActiveCfg = Debug|Any CPU
		{ECC585A1-94F7-4E92-BE1C-20CC48079083}.Debug|x64.Build.0 = Debug|Any CPU
		{ECC585A1-94F7-4E92-BE1C-20CC48079083}.Debug|x86.ActiveCfg = Debug|Any CPU
		{ECC585A1-94F7-4E92-BE1C-20CC48079083}.Debug|x86.Build.0 = Debug|Any CPU
		{ECC585A1-94F7-4E92-BE1C-20CC48079083}.Release|Any CPU.ActiveCfg = Release|Any CPU
		{ECC585A1-94F7-4E92-BE1C-20CC48079083}.Release|Any CPU.Build.0 = Release|Any CPU
		{ECC585A1-94F7-4E92-BE1C-20CC48079083}.Release|x64.ActiveCfg = Release|Any CPU
		{ECC585A1-94F7-4E92-BE1C-20CC48079083}.Release|x64.Build.0 = Release|Any CPU
		{ECC585A1-94F7-4E92-BE1C-20CC48079083}.Release|x86.ActiveCfg = Release|Any CPU
		{ECC585A1-94F7-4E92-BE1C-20CC48079083}.Release|x86.Build.0 = Release|Any CPU
		{49C56B70-6C43-4038-B493-6146E4C98078}.Debug|Any CPU.ActiveCfg = Debug|x64
		{49C56B70-6C43-4038-B493-6146E4C98078}.Debug|Any CPU.Build.0 = Debug|x64
		{49C56B70-6C43-4038-B493-6146E4C98078}.Debug|x64.ActiveCfg = Debug|x64
		{49C56B70-6C43-4038-B493-6146E4C98078}.Debug|x64.Build.0 = Debug|x64
		{49C56B70-6C43-4038-B493-6146E4C98078}.Debug|x86.ActiveCfg = Debug|Win32
		{49C56B70-6C43-4038-B493-6146E4C98078}.Debug|x86.Build.0 = Debug|Win32
		{49C56B70-6C43-4038-B493-6146E4C98078}.Release|Any CPU.ActiveCfg = Release|Win32
		{49C56B70-6C43-4038-B493-6146E4C98078}.Release|x64.ActiveCfg = Release|x64
		{49C56B70-6C43-4038-B493-6146E4C98078}.Release|x64.Build.0 = Release|x64
		{49C56B70-6C43-4038-B493-6146E4C98078}.Release|x86.ActiveCfg = Release|Win32
		{49C56B70-6C43-4038-B493-6146E4C98078}.Release|x86.Build.0 = Release|Win32
	EndGlobalSection
	GlobalSection(SolutionProperties) = preSolution
		HideSolutionNode = FALSE
	EndGlobalSection
EndGlobal
